// !$*UTF8*$!
{
	archiveVersion = 1;
	classes = {
	};
	objectVersion = 50;
	objects = {

/* Begin PBXBuildFile section */
		CB96F19B267BBBCE00B001FF /* AppDelegate.swift in Sources */ = {isa = PBXBuildFile; fileRef = CB96F19A267BBBCE00B001FF /* AppDelegate.swift */; };
		CB96F19D267BBBCE00B001FF /* SceneDelegate.swift in Sources */ = {isa = PBXBuildFile; fileRef = CB96F19C267BBBCE00B001FF /* SceneDelegate.swift */; };
		CB96F19F267BBBCE00B001FF /* ContentView.swift in Sources */ = {isa = PBXBuildFile; fileRef = CB96F19E267BBBCE00B001FF /* ContentView.swift */; };
		CB96F1A2267BBBCE00B001FF /* Rave.xcdatamodeld in Sources */ = {isa = PBXBuildFile; fileRef = CB96F1A0267BBBCE00B001FF /* Rave.xcdatamodeld */; };
		CB96F1A4267BBBCF00B001FF /* Assets.xcassets in Resources */ = {isa = PBXBuildFile; fileRef = CB96F1A3267BBBCF00B001FF /* Assets.xcassets */; };
		CB96F1A7267BBBCF00B001FF /* Preview Assets.xcassets in Resources */ = {isa = PBXBuildFile; fileRef = CB96F1A6267BBBCF00B001FF /* Preview Assets.xcassets */; };
		CB96F1AA267BBBCF00B001FF /* LaunchScreen.storyboard in Resources */ = {isa = PBXBuildFile; fileRef = CB96F1A8267BBBCF00B001FF /* LaunchScreen.storyboard */; };
/* End PBXBuildFile section */

/* Begin PBXFileReference section */
		CB96F197267BBBCE00B001FF /* Rave.app */ = {isa = PBXFileReference; explicitFileType = wrapper.application; includeInIndex = 0; path = Rave.app; sourceTree = BUILT_PRODUCTS_DIR; };
		CB96F19A267BBBCE00B001FF /* AppDelegate.swift */ = {isa = PBXFileReference; lastKnownFileType = sourcecode.swift; path = AppDelegate.swift; sourceTree = "<group>"; };
		CB96F19C267BBBCE00B001FF /* SceneDelegate.swift */ = {isa = PBXFileReference; lastKnownFileType = sourcecode.swift; path = SceneDelegate.swift; sourceTree = "<group>"; };
		CB96F19E267BBBCE00B001FF /* ContentView.swift */ = {isa = PBXFileReference; lastKnownFileType = sourcecode.swift; path = ContentView.swift; sourceTree = "<group>"; };
		CB96F1A1267BBBCE00B001FF /* Rave.xcdatamodel */ = {isa = PBXFileReference; lastKnownFileType = wrapper.xcdatamodel; path = Rave.xcdatamodel; sourceTree = "<group>"; };
		CB96F1A3267BBBCF00B001FF /* Assets.xcassets */ = {isa = PBXFileReference; lastKnownFileType = folder.assetcatalog; path = Assets.xcassets; sourceTree = "<group>"; };
		CB96F1A6267BBBCF00B001FF /* Preview Assets.xcassets */ = {isa = PBXFileReference; lastKnownFileType = folder.assetcatalog; path = "Preview Assets.xcassets"; sourceTree = "<group>"; };
		CB96F1A9267BBBCF00B001FF /* Base */ = {isa = PBXFileReference; lastKnownFileType = file.storyboard; name = Base; path = Base.lproj/LaunchScreen.storyboard; sourceTree = "<group>"; };
		CB96F1AB267BBBCF00B001FF /* Info.plist */ = {isa = PBXFileReference; lastKnownFileType = text.plist.xml; path = Info.plist; sourceTree = "<group>"; };
/* End PBXFileReference section */

/* Begin PBXFrameworksBuildPhase section */
		CB96F194267BBBCE00B001FF /* Frameworks */ = {
			isa = PBXFrameworksBuildPhase;
			buildActionMask = 2147483647;
			files = (
			);
			runOnlyForDeploymentPostprocessing = 0;
		};
/* End PBXFrameworksBuildPhase section */

/* Begin PBXGroup section */
		CB96F18E267BBBCE00B001FF = {
			isa = PBXGroup;
			children = (
				CB96F199267BBBCE00B001FF /* Rave */,
				CB96F198267BBBCE00B001FF /* Products */,
			);
			sourceTree = "<group>";
		};
		CB96F198267BBBCE00B001FF /* Products */ = {
			isa = PBXGroup;
			children = (
				CB96F197267BBBCE00B001FF /* Rave.app */,
			);
			name = Products;
			sourceTree = "<group>";
		};
		CB96F199267BBBCE00B001FF /* Rave */ = {
			isa = PBXGroup;
			children = (
				CB96F19A267BBBCE00B001FF /* AppDelegate.swift */,
				CB96F19C267BBBCE00B001FF /* SceneDelegate.swift */,
				CB96F19E267BBBCE00B001FF /* ContentView.swift */,
				CB96F1A3267BBBCF00B001FF /* Assets.xcassets */,
				CB96F1A8267BBBCF00B001FF /* LaunchScreen.storyboard */,
				CB96F1AB267BBBCF00B001FF /* Info.plist */,
				CB96F1A0267BBBCE00B001FF /* Rave.xcdatamodeld */,
				CB96F1A5267BBBCF00B001FF /* Preview Content */,
			);
			path = Rave;
			sourceTree = "<group>";
		};
		CB96F1A5267BBBCF00B001FF /* Preview Content */ = {
			isa = PBXGroup;
			children = (
				CB96F1A6267BBBCF00B001FF /* Preview Assets.xcassets */,
			);
			path = "Preview Content";
			sourceTree = "<group>";
		};
/* End PBXGroup section */

/* Begin PBXNativeTarget section */
		CB96F196267BBBCE00B001FF /* Rave */ = {
			isa = PBXNativeTarget;
			buildConfigurationList = CB96F1AE267BBBCF00B001FF /* Build configuration list for PBXNativeTarget "Rave" */;
			buildPhases = (
				CB96F193267BBBCE00B001FF /* Sources */,
				CB96F194267BBBCE00B001FF /* Frameworks */,
				CB96F195267BBBCE00B001FF /* Resources */,
			);
			buildRules = (
			);
			dependencies = (
			);
			name = Rave;
			productName = Rave;
			productReference = CB96F197267BBBCE00B001FF /* Rave.app */;
			productType = "com.apple.product-type.application";
		};
/* End PBXNativeTarget section */

/* Begin PBXProject section */
		CB96F18F267BBBCE00B001FF /* Project object */ = {
			isa = PBXProject;
			attributes = {
				LastSwiftUpdateCheck = 1250;
				LastUpgradeCheck = 1250;
				TargetAttributes = {
					CB96F196267BBBCE00B001FF = {
						CreatedOnToolsVersion = 12.5;
					};
				};
			};
			buildConfigurationList = CB96F192267BBBCE00B001FF /* Build configuration list for PBXProject "Rave" */;
			compatibilityVersion = "Xcode 9.3";
			developmentRegion = en;
			hasScannedForEncodings = 0;
			knownRegions = (
				en,
				Base,
			);
			mainGroup = CB96F18E267BBBCE00B001FF;
			productRefGroup = CB96F198267BBBCE00B001FF /* Products */;
			projectDirPath = "";
			projectRoot = "";
			targets = (
				CB96F196267BBBCE00B001FF /* Rave */,
			);
		};
/* End PBXProject section */

/* Begin PBXResourcesBuildPhase section */
		CB96F195267BBBCE00B001FF /* Resources */ = {
			isa = PBXResourcesBuildPhase;
			buildActionMask = 2147483647;
			files = (
				CB96F1AA267BBBCF00B001FF /* LaunchScreen.storyboard in Resources */,
				CB96F1A7267BBBCF00B001FF /* Preview Assets.xcassets in Resources */,
				CB96F1A4267BBBCF00B001FF /* Assets.xcassets in Resources */,
			);
			runOnlyForDeploymentPostprocessing = 0;
		};
/* End PBXResourcesBuildPhase section */

/* Begin PBXSourcesBuildPhase section */
		CB96F193267BBBCE00B001FF /* Sources */ = {
			isa = PBXSourcesBuildPhase;
			buildActionMask = 2147483647;
			files = (
				CB96F19B267BBBCE00B001FF /* AppDelegate.swift in Sources */,
				CB96F19D267BBBCE00B001FF /* SceneDelegate.swift in Sources */,
				CB96F19F267BBBCE00B001FF /* ContentView.swift in Sources */,
				CB96F1A2267BBBCE00B001FF /* Rave.xcdatamodeld in Sources */,
			);
			runOnlyForDeploymentPostprocessing = 0;
		};
/* End PBXSourcesBuildPhase section */

/* Begin PBXVariantGroup section */
		CB96F1A8267BBBCF00B001FF /* LaunchScreen.storyboard */ = {
			isa = PBXVariantGroup;
			children = (
				CB96F1A9267BBBCF00B001FF /* Base */,
			);
			name = LaunchScreen.storyboard;
			sourceTree = "<group>";
		};
/* End PBXVariantGroup section */

/* Begin XCBuildConfiguration section */
		CB96F1AC267BBBCF00B001FF /* Debug */ = {
			isa = XCBuildConfiguration;
			buildSettings = {
				ALWAYS_SEARCH_USER_PATHS = NO;
				CLANG_ANALYZER_NONNULL = YES;
				CLANG_ANALYZER_NUMBER_OBJECT_CONVERSION = YES_AGGRESSIVE;
				CLANG_CXX_LANGUAGE_STANDARD = "gnu++14";
				CLANG_CXX_LIBRARY = "libc++";
				CLANG_ENABLE_MODULES = YES;
				CLANG_ENABLE_OBJC_ARC = YES;
				CLANG_ENABLE_OBJC_WEAK = YES;
				CLANG_WARN_BLOCK_CAPTURE_AUTORELEASING = YES;
				CLANG_WARN_BOOL_CONVERSION = YES;
				CLANG_WARN_COMMA = YES;
				CLANG_WARN_CONSTANT_CONVERSION = YES;
				CLANG_WARN_DEPRECATED_OBJC_IMPLEMENTATIONS = YES;
				CLANG_WARN_DIRECT_OBJC_ISA_USAGE = YES_ERROR;
				CLANG_WARN_DOCUMENTATION_COMMENTS = YES;
				CLANG_WARN_EMPTY_BODY = YES;
				CLANG_WARN_ENUM_CONVERSION = YES;
				CLANG_WARN_INFINITE_RECURSION = YES;
				CLANG_WARN_INT_CONVERSION = YES;
				CLANG_WARN_NON_LITERAL_NULL_CONVERSION = YES;
				CLANG_WARN_OBJC_IMPLICIT_RETAIN_SELF = YES;
				CLANG_WARN_OBJC_LITERAL_CONVERSION = YES;
				CLANG_WARN_OBJC_ROOT_CLASS = YES_ERROR;
				CLANG_WARN_QUOTED_INCLUDE_IN_FRAMEWORK_HEADER = YES;
				CLANG_WARN_RANGE_LOOP_ANALYSIS = YES;
				CLANG_WARN_STRICT_PROTOTYPES = YES;
				CLANG_WARN_SUSPICIOUS_MOVE = YES;
				CLANG_WARN_UNGUARDED_AVAILABILITY = YES_AGGRESSIVE;
				CLANG_WARN_UNREACHABLE_CODE = YES;
				CLANG_WARN__DUPLICATE_METHOD_MATCH = YES;
				COPY_PHASE_STRIP = NO;
				DEBUG_INFORMATION_FORMAT = dwarf;
				ENABLE_STRICT_OBJC_MSGSEND = YES;
				ENABLE_TESTABILITY = YES;
				GCC_C_LANGUAGE_STANDARD = gnu11;
				GCC_DYNAMIC_NO_PIC = NO;
				GCC_NO_COMMON_BLOCKS = YES;
				GCC_OPTIMIZATION_LEVEL = 0;
				GCC_PREPROCESSOR_DEFINITIONS = (
					"DEBUG=1",
					"$(inherited)",
				);
				GCC_WARN_64_TO_32_BIT_CONVERSION = YES;
				GCC_WARN_ABOUT_RETURN_TYPE = YES_ERROR;
				GCC_WARN_UNDECLARED_SELECTOR = YES;
				GCC_WARN_UNINITIALIZED_AUTOS = YES_AGGRESSIVE;
				GCC_WARN_UNUSED_FUNCTION = YES;
				GCC_WARN_UNUSED_VARIABLE = YES;
				IPHONEOS_DEPLOYMENT_TARGET = 14.5;
				MTL_ENABLE_DEBUG_INFO = INCLUDE_SOURCE;
				MTL_FAST_MATH = YES;
				ONLY_ACTIVE_ARCH = YES;
				SDKROOT = iphoneos;
				SWIFT_ACTIVE_COMPILATION_CONDITIONS = DEBUG;
				SWIFT_OPTIMIZATION_LEVEL = "-Onone";
			};
			name = Debug;
		};
		CB96F1AD267BBBCF00B001FF /* Release */ = {
			isa = XCBuildConfiguration;
			buildSettings = {
				ALWAYS_SEARCH_USER_PATHS = NO;
				CLANG_ANALYZER_NONNULL = YES;
				CLANG_ANALYZER_NUMBER_OBJECT_CONVERSION = YES_AGGRESSIVE;
				CLANG_CXX_LANGUAGE_STANDARD = "gnu++14";
				CLANG_CXX_LIBRARY = "libc++";
				CLANG_ENABLE_MODULES = YES;
				CLANG_ENABLE_OBJC_ARC = YES;
				CLANG_ENABLE_OBJC_WEAK = YES;
				CLANG_WARN_BLOCK_CAPTURE_AUTORELEASING = YES;
				CLANG_WARN_BOOL_CONVERSION = YES;
				CLANG_WARN_COMMA = YES;
				CLANG_WARN_CONSTANT_CONVERSION = YES;
				CLANG_WARN_DEPRECATED_OBJC_IMPLEMENTATIONS = YES;
				CLANG_WARN_DIRECT_OBJC_ISA_USAGE = YES_ERROR;
				CLANG_WARN_DOCUMENTATION_COMMENTS = YES;
				CLANG_WARN_EMPTY_BODY = YES;
				CLANG_WARN_ENUM_CONVERSION = YES;
				CLANG_WARN_INFINITE_RECURSION = YES;
				CLANG_WARN_INT_CONVERSION = YES;
				CLANG_WARN_NON_LITERAL_NULL_CONVERSION = YES;
				CLANG_WARN_OBJC_IMPLICIT_RETAIN_SELF = YES;
				CLANG_WARN_OBJC_LITERAL_CONVERSION = YES;
				CLANG_WARN_OBJC_ROOT_CLASS = YES_ERROR;
				CLANG_WARN_QUOTED_INCLUDE_IN_FRAMEWORK_HEADER = YES;
				CLANG_WARN_RANGE_LOOP_ANALYSIS = YES;
				CLANG_WARN_STRICT_PROTOTYPES = YES;
				CLANG_WARN_SUSPICIOUS_MOVE = YES;
				CLANG_WARN_UNGUARDED_AVAILABILITY = YES_AGGRESSIVE;
				CLANG_WARN_UNREACHABLE_CODE = YES;
				CLANG_WARN__DUPLICATE_METHOD_MATCH = YES;
				COPY_PHASE_STRIP = NO;
				DEBUG_INFORMATION_FORMAT = "dwarf-with-dsym";
				ENABLE_NS_ASSERTIONS = NO;
				ENABLE_STRICT_OBJC_MSGSEND = YES;
				GCC_C_LANGUAGE_STANDARD = gnu11;
				GCC_NO_COMMON_BLOCKS = YES;
				GCC_WARN_64_TO_32_BIT_CONVERSION = YES;
				GCC_WARN_ABOUT_RETURN_TYPE = YES_ERROR;
				GCC_WARN_UNDECLARED_SELECTOR = YES;
				GCC_WARN_UNINITIALIZED_AUTOS = YES_AGGRESSIVE;
				GCC_WARN_UNUSED_FUNCTION = YES;
				GCC_WARN_UNUSED_VARIABLE = YES;
				IPHONEOS_DEPLOYMENT_TARGET = 14.5;
				MTL_ENABLE_DEBUG_INFO = NO;
				MTL_FAST_MATH = YES;
				SDKROOT = iphoneos;
				SWIFT_COMPILATION_MODE = wholemodule;
				SWIFT_OPTIMIZATION_LEVEL = "-O";
				VALIDATE_PRODUCT = YES;
			};
			name = Release;
		};
		CB96F1AF267BBBCF00B001FF /* Debug */ = {
			isa = XCBuildConfiguration;
			buildSettings = {
				ASSETCATALOG_COMPILER_APPICON_NAME = AppIcon;
				ASSETCATALOG_COMPILER_GLOBAL_ACCENT_COLOR_NAME = AccentColor;
				CODE_SIGN_STYLE = Automatic;
				DEVELOPMENT_ASSET_PATHS = "\"Rave/Preview Content\"";
				ENABLE_PREVIEWS = YES;
				INFOPLIST_FILE = Rave/Info.plist;
				LD_RUNPATH_SEARCH_PATHS = (
					"$(inherited)",
					"@executable_path/Frameworks",
				);
				PRODUCT_BUNDLE_IDENTIFIER = com.raveapp.Rave;
				PRODUCT_NAME = "$(TARGET_NAME)";
				SWIFT_VERSION = 5.0;
				TARGETED_DEVICE_FAMILY = "1,2";
			};
			name = Debug;
		};
		CB96F1B0267BBBCF00B001FF /* Release */ = {
			isa = XCBuildConfiguration;
			buildSettings = {
				ASSETCATALOG_COMPILER_APPICON_NAME = AppIcon;
				ASSETCATALOG_COMPILER_GLOBAL_ACCENT_COLOR_NAME = AccentColor;
				CODE_SIGN_STYLE = Automatic;
				DEVELOPMENT_ASSET_PATHS = "\"Rave/Preview Content\"";
				ENABLE_PREVIEWS = YES;
				INFOPLIST_FILE = Rave/Info.plist;
				LD_RUNPATH_SEARCH_PATHS = (
					"$(inherited)",
					"@executable_path/Frameworks",
				);
				PRODUCT_BUNDLE_IDENTIFIER = com.raveapp.Rave;
				PRODUCT_NAME = "$(TARGET_NAME)";
				SWIFT_VERSION = 5.0;
				TARGETED_DEVICE_FAMILY = "1,2";
			};
			name = Release;
		};
/* End XCBuildConfiguration section */

/* Begin XCConfigurationList section */
		CB96F192267BBBCE00B001FF /* Build configuration list for PBXProject "Rave" */ = {
			isa = XCConfigurationList;
			buildConfigurations = (
				CB96F1AC267BBBCF00B001FF /* Debug */,
				CB96F1AD267BBBCF00B001FF /* Release */,
			);
			defaultConfigurationIsVisible = 0;
			defaultConfigurationName = Release;
		};
		CB96F1AE267BBBCF00B001FF /* Build configuration list for PBXNativeTarget "Rave" */ = {
			isa = XCConfigurationList;
			buildConfigurations = (
				CB96F1AF267BBBCF00B001FF /* Debug */,
				CB96F1B0267BBBCF00B001FF /* Release */,
			);
			defaultConfigurationIsVisible = 0;
			defaultConfigurationName = Release;
		};
/* End XCConfigurationList section */

/* Begin XCVersionGroup section */
		CB96F1A0267BBBCE00B001FF /* Rave.xcdatamodeld */ = {
			isa = XCVersionGroup;
			children = (
				CB96F1A1267BBBCE00B001FF /* Rave.xcdatamodel */,
			);
			currentVersion = CB96F1A1267BBBCE00B001FF /* Rave.xcdatamodel */;
			path = Rave.xcdatamodeld;
			sourceTree = "<group>";
			versionGroupType = wrapper.xcdatamodel;
		};
/* End XCVersionGroup section */
	};
	rootObject = CB96F18F267BBBCE00B001FF /* Project object */;
}
